// !$*UTF8*$!
{
	archiveVersion = 1;
	classes = {
	};
	objectVersion = 48;
	objects = {

/* Begin PBXBuildFile section */
		E35C6CAF1F799A0000A53590 /* AppDelegate.swift in Sources */ = {isa = PBXBuildFile; fileRef = E35C6CAE1F799A0000A53590 /* AppDelegate.swift */; };
		E35C6CB11F799A0000A53590 /* ViewController.swift in Sources */ = {isa = PBXBuildFile; fileRef = E35C6CB01F799A0000A53590 /* ViewController.swift */; };
		E35C6CB41F799A0000A53590 /* Main.storyboard in Resources */ = {isa = PBXBuildFile; fileRef = E35C6CB21F799A0000A53590 /* Main.storyboard */; };
		E35C6CB71F799A0000A53590 /* TimetablePrototype02.xcdatamodeld in Sources */ = {isa = PBXBuildFile; fileRef = E35C6CB51F799A0000A53590 /* TimetablePrototype02.xcdatamodeld */; };
		E35C6CB91F799A0000A53590 /* Assets.xcassets in Resources */ = {isa = PBXBuildFile; fileRef = E35C6CB81F799A0000A53590 /* Assets.xcassets */; };
		E35C6CBC1F799A0000A53590 /* LaunchScreen.storyboard in Resources */ = {isa = PBXBuildFile; fileRef = E35C6CBA1F799A0000A53590 /* LaunchScreen.storyboard */; };
/* End PBXBuildFile section */

/* Begin PBXFileReference section */
		E35C6CAB1F799A0000A53590 /* TimetablePrototype02.app */ = {isa = PBXFileReference; explicitFileType = wrapper.application; includeInIndex = 0; path = TimetablePrototype02.app; sourceTree = BUILT_PRODUCTS_DIR; };
		E35C6CAE1F799A0000A53590 /* AppDelegate.swift */ = {isa = PBXFileReference; lastKnownFileType = sourcecode.swift; path = AppDelegate.swift; sourceTree = "<group>"; };
		E35C6CB01F799A0000A53590 /* ViewController.swift */ = {isa = PBXFileReference; lastKnownFileType = sourcecode.swift; path = ViewController.swift; sourceTree = "<group>"; };
		E35C6CB31F799A0000A53590 /* Base */ = {isa = PBXFileReference; lastKnownFileType = file.storyboard; name = Base; path = Base.lproj/Main.storyboard; sourceTree = "<group>"; };
		E35C6CB61F799A0000A53590 /* TimetablePrototype02.xcdatamodel */ = {isa = PBXFileReference; lastKnownFileType = wrapper.xcdatamodel; path = TimetablePrototype02.xcdatamodel; sourceTree = "<group>"; };
		E35C6CB81F799A0000A53590 /* Assets.xcassets */ = {isa = PBXFileReference; lastKnownFileType = folder.assetcatalog; path = Assets.xcassets; sourceTree = "<group>"; };
		E35C6CBB1F799A0000A53590 /* Base */ = {isa = PBXFileReference; lastKnownFileType = file.storyboard; name = Base; path = Base.lproj/LaunchScreen.storyboard; sourceTree = "<group>"; };
		E35C6CBD1F799A0000A53590 /* Info.plist */ = {isa = PBXFileReference; lastKnownFileType = text.plist.xml; path = Info.plist; sourceTree = "<group>"; };
/* End PBXFileReference section */

/* Begin PBXFrameworksBuildPhase section */
		E35C6CA81F799A0000A53590 /* Frameworks */ = {
			isa = PBXFrameworksBuildPhase;
			buildActionMask = 2147483647;
			files = (
			);
			runOnlyForDeploymentPostprocessing = 0;
		};
/* End PBXFrameworksBuildPhase section */

/* Begin PBXGroup section */
		E35C6CA21F799A0000A53590 = {
			isa = PBXGroup;
			children = (
				E35C6CAD1F799A0000A53590 /* TimetablePrototype02 */,
				E35C6CAC1F799A0000A53590 /* Products */,
			);
			sourceTree = "<group>";
		};
		E35C6CAC1F799A0000A53590 /* Products */ = {
			isa = PBXGroup;
			children = (
				E35C6CAB1F799A0000A53590 /* TimetablePrototype02.app */,
			);
			name = Products;
			sourceTree = "<group>";
		};
		E35C6CAD1F799A0000A53590 /* TimetablePrototype02 */ = {
			isa = PBXGroup;
			children = (
				E35C6CAE1F799A0000A53590 /* AppDelegate.swift */,
				E35C6CB01F799A0000A53590 /* ViewController.swift */,
				E35C6CB21F799A0000A53590 /* Main.storyboard */,
				E35C6CB81F799A0000A53590 /* Assets.xcassets */,
				E35C6CBA1F799A0000A53590 /* LaunchScreen.storyboard */,
				E35C6CBD1F799A0000A53590 /* Info.plist */,
				E35C6CB51F799A0000A53590 /* TimetablePrototype02.xcdatamodeld */,
			);
			path = TimetablePrototype02;
			sourceTree = "<group>";
		};
/* End PBXGroup section */

/* Begin PBXNativeTarget section */
		E35C6CAA1F799A0000A53590 /* TimetablePrototype02 */ = {
			isa = PBXNativeTarget;
			buildConfigurationList = E35C6CC01F799A0000A53590 /* Build configuration list for PBXNativeTarget "TimetablePrototype02" */;
			buildPhases = (
				E35C6CA71F799A0000A53590 /* Sources */,
				E35C6CA81F799A0000A53590 /* Frameworks */,
				E35C6CA91F799A0000A53590 /* Resources */,
			);
			buildRules = (
			);
			dependencies = (
			);
			name = TimetablePrototype02;
			productName = TimetablePrototype02;
			productReference = E35C6CAB1F799A0000A53590 /* TimetablePrototype02.app */;
			productType = "com.apple.product-type.application";
		};
/* End PBXNativeTarget section */

/* Begin PBXProject section */
		E35C6CA31F799A0000A53590 /* Project object */ = {
			isa = PBXProject;
			attributes = {
				LastSwiftUpdateCheck = 0900;
				LastUpgradeCheck = 0900;
				ORGANIZATIONNAME = "Thomas Houghton";
				TargetAttributes = {
					E35C6CAA1F799A0000A53590 = {
						CreatedOnToolsVersion = 9.0;
						ProvisioningStyle = Automatic;
					};
				};
			};
			buildConfigurationList = E35C6CA61F799A0000A53590 /* Build configuration list for PBXProject "TimetablePrototype02" */;
			compatibilityVersion = "Xcode 8.0";
			developmentRegion = en;
			hasScannedForEncodings = 0;
			knownRegions = (
				en,
				Base,
			);
			mainGroup = E35C6CA21F799A0000A53590;
			productRefGroup = E35C6CAC1F799A0000A53590 /* Products */;
			projectDirPath = "";
			projectRoot = "";
			targets = (
				E35C6CAA1F799A0000A53590 /* TimetablePrototype02 */,
			);
		};
/* End PBXProject section */

/* Begin PBXResourcesBuildPhase section */
		E35C6CA91F799A0000A53590 /* Resources */ = {
			isa = PBXResourcesBuildPhase;
			buildActionMask = 2147483647;
			files = (
				E35C6CBC1F799A0000A53590 /* LaunchScreen.storyboard in Resources */,
				E35C6CB91F799A0000A53590 /* Assets.xcassets in Resources */,
				E35C6CB41F799A0000A53590 /* Main.storyboard in Resources */,
			);
			runOnlyForDeploymentPostprocessing = 0;
		};
/* End PBXResourcesBuildPhase section */

/* Begin PBXSourcesBuildPhase section */
		E35C6CA71F799A0000A53590 /* Sources */ = {
			isa = PBXSourcesBuildPhase;
			buildActionMask = 2147483647;
			files = (
				E35C6CB11F799A0000A53590 /* ViewController.swift in Sources */,
				E35C6CAF1F799A0000A53590 /* AppDelegate.swift in Sources */,
				E35C6CB71F799A0000A53590 /* TimetablePrototype02.xcdatamodeld in Sources */,
			);
			runOnlyForDeploymentPostprocessing = 0;
		};
/* End PBXSourcesBuildPhase section */

/* Begin PBXVariantGroup section */
		E35C6CB21F799A0000A53590 /* Main.storyboard */ = {
			isa = PBXVariantGroup;
			children = (
				E35C6CB31F799A0000A53590 /* Base */,
			);
			name = Main.storyboard;
			sourceTree = "<group>";
		};
		E35C6CBA1F799A0000A53590 /* LaunchScreen.storyboard */ = {
			isa = PBXVariantGroup;
			children = (
				E35C6CBB1F799A0000A53590 /* Base */,
			);
			name = LaunchScreen.storyboard;
			sourceTree = "<group>";
		};
/* End PBXVariantGroup section */

/* Begin XCBuildConfiguration section */
		E35C6CBE1F799A0000A53590 /* Debug */ = {
			isa = XCBuildConfiguration;
			buildSettings = {
				ALWAYS_SEARCH_USER_PATHS = NO;
				CLANG_ANALYZER_NONNULL = YES;
				CLANG_ANALYZER_NUMBER_OBJECT_CONVERSION = YES_AGGRESSIVE;
				CLANG_CXX_LANGUAGE_STANDARD = "gnu++14";
				CLANG_CXX_LIBRARY = "libc++";
				CLANG_ENABLE_MODULES = YES;
				CLANG_ENABLE_OBJC_ARC = YES;
				CLANG_WARN_BLOCK_CAPTURE_AUTORELEASING = YES;
				CLANG_WARN_BOOL_CONVERSION = YES;
				CLANG_WARN_COMMA = YES;
				CLANG_WARN_CONSTANT_CONVERSION = YES;
				CLANG_WARN_DIRECT_OBJC_ISA_USAGE = YES_ERROR;
				CLANG_WARN_DOCUMENTATION_COMMENTS = YES;
				CLANG_WARN_EMPTY_BODY = YES;
				CLANG_WARN_ENUM_CONVERSION = YES;
				CLANG_WARN_INFINITE_RECURSION = YES;
				CLANG_WARN_INT_CONVERSION = YES;
				CLANG_WARN_NON_LITERAL_NULL_CONVERSION = YES;
				CLANG_WARN_OBJC_LITERAL_CONVERSION = YES;
				CLANG_WARN_OBJC_ROOT_CLASS = YES_ERROR;
				CLANG_WARN_RANGE_LOOP_ANALYSIS = YES;
				CLANG_WARN_STRICT_PROTOTYPES = YES;
				CLANG_WARN_SUSPICIOUS_MOVE = YES;
				CLANG_WARN_UNGUARDED_AVAILABILITY = YES_AGGRESSIVE;
				CLANG_WARN_UNREACHABLE_CODE = YES;
				CLANG_WARN__DUPLICATE_METHOD_MATCH = YES;
				CODE_SIGN_IDENTITY = "iPhone Developer";
				COPY_PHASE_STRIP = NO;
				DEBUG_INFORMATION_FORMAT = dwarf;
				ENABLE_STRICT_OBJC_MSGSEND = YES;
				ENABLE_TESTABILITY = YES;
				GCC_C_LANGUAGE_STANDARD = gnu11;
				GCC_DYNAMIC_NO_PIC = NO;
				GCC_NO_COMMON_BLOCKS = YES;
				GCC_OPTIMIZATION_LEVEL = 0;
				GCC_PREPROCESSOR_DEFINITIONS = (
					"DEBUG=1",
					"$(inherited)",
				);
				GCC_WARN_64_TO_32_BIT_CONVERSION = YES;
				GCC_WARN_ABOUT_RETURN_TYPE = YES_ERROR;
				GCC_WARN_UNDECLARED_SELECTOR = YES;
				GCC_WARN_UNINITIALIZED_AUTOS = YES_AGGRESSIVE;
				GCC_WARN_UNUSED_FUNCTION = YES;
				GCC_WARN_UNUSED_VARIABLE = YES;
				IPHONEOS_DEPLOYMENT_TARGET = 11.0;
				MTL_ENABLE_DEBUG_INFO = YES;
				ONLY_ACTIVE_ARCH = YES;
				SDKROOT = iphoneos;
				SWIFT_ACTIVE_COMPILATION_CONDITIONS = DEBUG;
				SWIFT_OPTIMIZATION_LEVEL = "-Onone";
			};
			name = Debug;
		};
		E35C6CBF1F799A0000A53590 /* Release */ = {
			isa = XCBuildConfiguration;
			buildSettings = {
				ALWAYS_SEARCH_USER_PATHS = NO;
				CLANG_ANALYZER_NONNULL = YES;
				CLANG_ANALYZER_NUMBER_OBJECT_CONVERSION = YES_AGGRESSIVE;
				CLANG_CXX_LANGUAGE_STANDARD = "gnu++14";
				CLANG_CXX_LIBRARY = "libc++";
				CLANG_ENABLE_MODULES = YES;
				CLANG_ENABLE_OBJC_ARC = YES;
				CLANG_WARN_BLOCK_CAPTURE_AUTORELEASING = YES;
				CLANG_WARN_BOOL_CONVERSION = YES;
				CLANG_WARN_COMMA = YES;
				CLANG_WARN_CONSTANT_CONVERSION = YES;
				CLANG_WARN_DIRECT_OBJC_ISA_USAGE = YES_ERROR;
				CLANG_WARN_DOCUMENTATION_COMMENTS = YES;
				CLANG_WARN_EMPTY_BODY = YES;
				CLANG_WARN_ENUM_CONVERSION = YES;
				CLANG_WARN_INFINITE_RECURSION = YES;
				CLANG_WARN_INT_CONVERSION = YES;
				CLANG_WARN_NON_LITERAL_NULL_CONVERSION = YES;
				CLANG_WARN_OBJC_LITERAL_CONVERSION = YES;
				CLANG_WARN_OBJC_ROOT_CLASS = YES_ERROR;
				CLANG_WARN_RANGE_LOOP_ANALYSIS = YES;
				CLANG_WARN_STRICT_PROTOTYPES = YES;
				CLANG_WARN_SUSPICIOUS_MOVE = YES;
				CLANG_WARN_UNGUARDED_AVAILABILITY = YES_AGGRESSIVE;
				CLANG_WARN_UNREACHABLE_CODE = YES;
				CLANG_WARN__DUPLICATE_METHOD_MATCH = YES;
				CODE_SIGN_IDENTITY = "iPhone Developer";
				COPY_PHASE_STRIP = NO;
				DEBUG_INFORMATION_FORMAT = "dwarf-with-dsym";
				ENABLE_NS_ASSERTIONS = NO;
				ENABLE_STRICT_OBJC_MSGSEND = YES;
				GCC_C_LANGUAGE_STANDARD = gnu11;
				GCC_NO_COMMON_BLOCKS = YES;
				GCC_WARN_64_TO_32_BIT_CONVERSION = YES;
				GCC_WARN_ABOUT_RETURN_TYPE = YES_ERROR;
				GCC_WARN_UNDECLARED_SELECTOR = YES;
				GCC_WARN_UNINITIALIZED_AUTOS = YES_AGGRESSIVE;
				GCC_WARN_UNUSED_FUNCTION = YES;
				GCC_WARN_UNUSED_VARIABLE = YES;
				IPHONEOS_DEPLOYMENT_TARGET = 11.0;
				MTL_ENABLE_DEBUG_INFO = NO;
				SDKROOT = iphoneos;
				SWIFT_OPTIMIZATION_LEVEL = "-Owholemodule";
				VALIDATE_PRODUCT = YES;
			};
			name = Release;
		};
		E35C6CC11F799A0000A53590 /* Debug */ = {
			isa = XCBuildConfiguration;
			buildSettings = {
				ASSETCATALOG_COMPILER_APPICON_NAME = AppIcon;
				CODE_SIGN_STYLE = Automatic;
				DEVELOPMENT_TEAM = V93YKG2RBT;
				INFOPLIST_FILE = TimetablePrototype02/Info.plist;
				LD_RUNPATH_SEARCH_PATHS = "$(inherited) @executable_path/Frameworks";
				PRODUCT_BUNDLE_IDENTIFIER = tom.TimetablePrototype02;
				PRODUCT_NAME = "$(TARGET_NAME)";
				SWIFT_VERSION = 4.0;
				TARGETED_DEVICE_FAMILY = "1,2";
			};
			name = Debug;
		};
		E35C6CC21F799A0000A53590 /* Release */ = {
			isa = XCBuildConfiguration;
			buildSettings = {
				ASSETCATALOG_COMPILER_APPICON_NAME = AppIcon;
				CODE_SIGN_STYLE = Automatic;
				DEVELOPMENT_TEAM = V93YKG2RBT;
				INFOPLIST_FILE = TimetablePrototype02/Info.plist;
				LD_RUNPATH_SEARCH_PATHS = "$(inherited) @executable_path/Frameworks";
				PRODUCT_BUNDLE_IDENTIFIER = tom.TimetablePrototype02;
				PRODUCT_NAME = "$(TARGET_NAME)";
				SWIFT_VERSION = 4.0;
				TARGETED_DEVICE_FAMILY = "1,2";
			};
			name = Release;
		};
/* End XCBuildConfiguration section */

/* Begin XCConfigurationList section */
		E35C6CA61F799A0000A53590 /* Build configuration list for PBXProject "TimetablePrototype02" */ = {
			isa = XCConfigurationList;
			buildConfigurations = (
				E35C6CBE1F799A0000A53590 /* Debug */,
				E35C6CBF1F799A0000A53590 /* Release */,
			);
			defaultConfigurationIsVisible = 0;
			defaultConfigurationName = Release;
		};
		E35C6CC01F799A0000A53590 /* Build configuration list for PBXNativeTarget "TimetablePrototype02" */ = {
			isa = XCConfigurationList;
			buildConfigurations = (
				E35C6CC11F799A0000A53590 /* Debug */,
				E35C6CC21F799A0000A53590 /* Release */,
			);
			defaultConfigurationIsVisible = 0;
			defaultConfigurationName = Release;
		};
/* End XCConfigurationList section */

/* Begin XCVersionGroup section */
		E35C6CB51F799A0000A53590 /* TimetablePrototype02.xcdatamodeld */ = {
			isa = XCVersionGroup;
			children = (
				E35C6CB61F799A0000A53590 /* TimetablePrototype02.xcdatamodel */,
			);
			currentVersion = E35C6CB61F799A0000A53590 /* TimetablePrototype02.xcdatamodel */;
			path = TimetablePrototype02.xcdatamodeld;
			sourceTree = "<group>";
			versionGroupType = wrapper.xcdatamodel;
		};
/* End XCVersionGroup section */
	};
	rootObject = E35C6CA31F799A0000A53590 /* Project object */;
}
