// !$*UTF8*$!
{
	archiveVersion = 1;
	classes = {
	};
	objectVersion = 48;
	objects = {

/* Begin PBXBuildFile section */
		03989EF69A98927FDCCDC279 /* Pods_TimetablePrototype02.framework in Frameworks */ = {isa = PBXBuildFile; fileRef = 649714DB480E10C104A4218D /* Pods_TimetablePrototype02.framework */; };
		E3135C061FA9F561008BBE95 /* LoginSelectViewController.swift in Sources */ = {isa = PBXBuildFile; fileRef = E3135C051FA9F561008BBE95 /* LoginSelectViewController.swift */; };
		E323DA9E1F824A4900069DD4 /* timetableSlot.swift in Sources */ = {isa = PBXBuildFile; fileRef = E323DA9D1F824A4900069DD4 /* timetableSlot.swift */; };
		E34633CF1F83EE3E00E2725B /* AddTasksViewController.swift in Sources */ = {isa = PBXBuildFile; fileRef = E34633CE1F83EE3E00E2725B /* AddTasksViewController.swift */; };
		E34633D11F84059500E2725B /* SubjectViewController.swift in Sources */ = {isa = PBXBuildFile; fileRef = E34633D01F84059500E2725B /* SubjectViewController.swift */; };
		E35C6CAF1F799A0000A53590 /* AppDelegate.swift in Sources */ = {isa = PBXBuildFile; fileRef = E35C6CAE1F799A0000A53590 /* AppDelegate.swift */; };
		E35C6CB11F799A0000A53590 /* SignInViewController.swift in Sources */ = {isa = PBXBuildFile; fileRef = E35C6CB01F799A0000A53590 /* SignInViewController.swift */; };
		E35C6CB41F799A0000A53590 /* Main.storyboard in Resources */ = {isa = PBXBuildFile; fileRef = E35C6CB21F799A0000A53590 /* Main.storyboard */; };
		E35C6CB71F799A0000A53590 /* TimetablePrototype02.xcdatamodeld in Sources */ = {isa = PBXBuildFile; fileRef = E35C6CB51F799A0000A53590 /* TimetablePrototype02.xcdatamodeld */; };
		E35C6CB91F799A0000A53590 /* Assets.xcassets in Resources */ = {isa = PBXBuildFile; fileRef = E35C6CB81F799A0000A53590 /* Assets.xcassets */; };
		E35C6CBC1F799A0000A53590 /* LaunchScreen.storyboard in Resources */ = {isa = PBXBuildFile; fileRef = E35C6CBA1F799A0000A53590 /* LaunchScreen.storyboard */; };
		E37C76871F89034000FCA85E /* SettingsRootViewController.swift in Sources */ = {isa = PBXBuildFile; fileRef = E37C76861F89034000FCA85E /* SettingsRootViewController.swift */; };
		E37C76891F89036A00FCA85E /* SelectedSettingViewController.swift in Sources */ = {isa = PBXBuildFile; fileRef = E37C76881F89036A00FCA85E /* SelectedSettingViewController.swift */; };
		E3C3B2AE1F8F6AF3000F2DBE /* EntireTimetableViewController.swift in Sources */ = {isa = PBXBuildFile; fileRef = E3C3B2AD1F8F6AF3000F2DBE /* EntireTimetableViewController.swift */; };
		E3E098B91F7CF3BA00C0463C /* GoogleService-Info.plist in Resources */ = {isa = PBXBuildFile; fileRef = E3E098B81F7CF3B900C0463C /* GoogleService-Info.plist */; };
		E3FECDB51F817303007C971E /* TimetableViewController.swift in Sources */ = {isa = PBXBuildFile; fileRef = E3FECDB41F817303007C971E /* TimetableViewController.swift */; };
/* End PBXBuildFile section */

/* Begin PBXFileReference section */
		254C053BFAF77DA4BFBDC8A6 /* Pods-TimetablePrototype02.debug.xcconfig */ = {isa = PBXFileReference; includeInIndex = 1; lastKnownFileType = text.xcconfig; name = "Pods-TimetablePrototype02.debug.xcconfig"; path = "Pods/Target Support Files/Pods-TimetablePrototype02/Pods-TimetablePrototype02.debug.xcconfig"; sourceTree = "<group>"; };
		649714DB480E10C104A4218D /* Pods_TimetablePrototype02.framework */ = {isa = PBXFileReference; explicitFileType = wrapper.framework; includeInIndex = 0; path = Pods_TimetablePrototype02.framework; sourceTree = BUILT_PRODUCTS_DIR; };
		98E7F00A2301216B4E3060F4 /* Pods-TimetablePrototype02.release.xcconfig */ = {isa = PBXFileReference; includeInIndex = 1; lastKnownFileType = text.xcconfig; name = "Pods-TimetablePrototype02.release.xcconfig"; path = "Pods/Target Support Files/Pods-TimetablePrototype02/Pods-TimetablePrototype02.release.xcconfig"; sourceTree = "<group>"; };
		E3135C051FA9F561008BBE95 /* LoginSelectViewController.swift */ = {isa = PBXFileReference; lastKnownFileType = sourcecode.swift; path = LoginSelectViewController.swift; sourceTree = "<group>"; };
		E323DA9D1F824A4900069DD4 /* timetableSlot.swift */ = {isa = PBXFileReference; lastKnownFileType = sourcecode.swift; path = timetableSlot.swift; sourceTree = "<group>"; };
		E34633CE1F83EE3E00E2725B /* AddTasksViewController.swift */ = {isa = PBXFileReference; lastKnownFileType = sourcecode.swift; path = AddTasksViewController.swift; sourceTree = "<group>"; };
		E34633D01F84059500E2725B /* SubjectViewController.swift */ = {isa = PBXFileReference; lastKnownFileType = sourcecode.swift; path = SubjectViewController.swift; sourceTree = "<group>"; };
		E35C6CAB1F799A0000A53590 /* TimetablePrototype02.app */ = {isa = PBXFileReference; explicitFileType = wrapper.application; includeInIndex = 0; path = TimetablePrototype02.app; sourceTree = BUILT_PRODUCTS_DIR; };
		E35C6CAE1F799A0000A53590 /* AppDelegate.swift */ = {isa = PBXFileReference; lastKnownFileType = sourcecode.swift; path = AppDelegate.swift; sourceTree = "<group>"; };
		E35C6CB01F799A0000A53590 /* SignInViewController.swift */ = {isa = PBXFileReference; lastKnownFileType = sourcecode.swift; path = SignInViewController.swift; sourceTree = "<group>"; };
		E35C6CB31F799A0000A53590 /* Base */ = {isa = PBXFileReference; lastKnownFileType = file.storyboard; name = Base; path = Base.lproj/Main.storyboard; sourceTree = "<group>"; };
		E35C6CB61F799A0000A53590 /* TimetablePrototype02.xcdatamodel */ = {isa = PBXFileReference; lastKnownFileType = wrapper.xcdatamodel; path = TimetablePrototype02.xcdatamodel; sourceTree = "<group>"; };
		E35C6CB81F799A0000A53590 /* Assets.xcassets */ = {isa = PBXFileReference; lastKnownFileType = folder.assetcatalog; path = Assets.xcassets; sourceTree = "<group>"; };
		E35C6CBB1F799A0000A53590 /* Base */ = {isa = PBXFileReference; lastKnownFileType = file.storyboard; name = Base; path = Base.lproj/LaunchScreen.storyboard; sourceTree = "<group>"; };
		E35C6CBD1F799A0000A53590 /* Info.plist */ = {isa = PBXFileReference; lastKnownFileType = text.plist.xml; path = Info.plist; sourceTree = "<group>"; };
		E37C76861F89034000FCA85E /* SettingsRootViewController.swift */ = {isa = PBXFileReference; lastKnownFileType = sourcecode.swift; path = SettingsRootViewController.swift; sourceTree = "<group>"; };
		E37C76881F89036A00FCA85E /* SelectedSettingViewController.swift */ = {isa = PBXFileReference; lastKnownFileType = sourcecode.swift; path = SelectedSettingViewController.swift; sourceTree = "<group>"; };
		E3C3B2AD1F8F6AF3000F2DBE /* EntireTimetableViewController.swift */ = {isa = PBXFileReference; lastKnownFileType = sourcecode.swift; path = EntireTimetableViewController.swift; sourceTree = "<group>"; };
		E3E098B81F7CF3B900C0463C /* GoogleService-Info.plist */ = {isa = PBXFileReference; fileEncoding = 4; lastKnownFileType = text.plist.xml; path = "GoogleService-Info.plist"; sourceTree = "<group>"; };
		E3FECDB41F817303007C971E /* TimetableViewController.swift */ = {isa = PBXFileReference; lastKnownFileType = sourcecode.swift; path = TimetableViewController.swift; sourceTree = "<group>"; };
/* End PBXFileReference section */

/* Begin PBXFrameworksBuildPhase section */
		E35C6CA81F799A0000A53590 /* Frameworks */ = {
			isa = PBXFrameworksBuildPhase;
			buildActionMask = 2147483647;
			files = (
				03989EF69A98927FDCCDC279 /* Pods_TimetablePrototype02.framework in Frameworks */,
			);
			runOnlyForDeploymentPostprocessing = 0;
		};
/* End PBXFrameworksBuildPhase section */

/* Begin PBXGroup section */
		5008693181947E50C0E6E22C /* Pods */ = {
			isa = PBXGroup;
			children = (
				254C053BFAF77DA4BFBDC8A6 /* Pods-TimetablePrototype02.debug.xcconfig */,
				98E7F00A2301216B4E3060F4 /* Pods-TimetablePrototype02.release.xcconfig */,
			);
			name = Pods;
			sourceTree = "<group>";
		};
		629562EA1131B327EF19AB81 /* Frameworks */ = {
			isa = PBXGroup;
			children = (
				649714DB480E10C104A4218D /* Pods_TimetablePrototype02.framework */,
			);
			name = Frameworks;
			sourceTree = "<group>";
		};
		E35C6CA21F799A0000A53590 = {
			isa = PBXGroup;
			children = (
				E35C6CAD1F799A0000A53590 /* TimetablePrototype02 */,
				E35C6CAC1F799A0000A53590 /* Products */,
				5008693181947E50C0E6E22C /* Pods */,
				629562EA1131B327EF19AB81 /* Frameworks */,
			);
			sourceTree = "<group>";
		};
		E35C6CAC1F799A0000A53590 /* Products */ = {
			isa = PBXGroup;
			children = (
				E35C6CAB1F799A0000A53590 /* TimetablePrototype02.app */,
			);
			name = Products;
			sourceTree = "<group>";
		};
		E35C6CAD1F799A0000A53590 /* TimetablePrototype02 */ = {
			isa = PBXGroup;
			children = (
				E35EFECE1F7CED7A0010ED84 /* Classes */,
				E35EFECD1F7CED730010ED84 /* ViewControllers */,
				E35C6CAE1F799A0000A53590 /* AppDelegate.swift */,
				E35C6CB21F799A0000A53590 /* Main.storyboard */,
				E35C6CB81F799A0000A53590 /* Assets.xcassets */,
				E35C6CBA1F799A0000A53590 /* LaunchScreen.storyboard */,
				E3E098B81F7CF3B900C0463C /* GoogleService-Info.plist */,
				E35C6CBD1F799A0000A53590 /* Info.plist */,
				E35C6CB51F799A0000A53590 /* TimetablePrototype02.xcdatamodeld */,
			);
			path = TimetablePrototype02;
			sourceTree = "<group>";
		};
		E35EFECD1F7CED730010ED84 /* ViewControllers */ = {
			isa = PBXGroup;
			children = (
				E35C6CB01F799A0000A53590 /* SignInViewController.swift */,
				E3FECDB41F817303007C971E /* TimetableViewController.swift */,
				E34633CE1F83EE3E00E2725B /* AddTasksViewController.swift */,
				E34633D01F84059500E2725B /* SubjectViewController.swift */,
				E37C76861F89034000FCA85E /* SettingsRootViewController.swift */,
				E37C76881F89036A00FCA85E /* SelectedSettingViewController.swift */,
				E3C3B2AD1F8F6AF3000F2DBE /* EntireTimetableViewController.swift */,
				E3135C051FA9F561008BBE95 /* LoginSelectViewController.swift */,
			);
			path = ViewControllers;
			sourceTree = "<group>";
		};
		E35EFECE1F7CED7A0010ED84 /* Classes */ = {
			isa = PBXGroup;
			children = (
				E323DA9D1F824A4900069DD4 /* timetableSlot.swift */,
			);
			path = Classes;
			sourceTree = "<group>";
		};
/* End PBXGroup section */

/* Begin PBXNativeTarget section */
		E35C6CAA1F799A0000A53590 /* TimetablePrototype02 */ = {
			isa = PBXNativeTarget;
			buildConfigurationList = E35C6CC01F799A0000A53590 /* Build configuration list for PBXNativeTarget "TimetablePrototype02" */;
			buildPhases = (
				BE5DA3D801353D897EB87A7A /* [CP] Check Pods Manifest.lock */,
				E35C6CA71F799A0000A53590 /* Sources */,
				E35C6CA81F799A0000A53590 /* Frameworks */,
				E35C6CA91F799A0000A53590 /* Resources */,
				9ACD1E52834B5D4170E2E64C /* [CP] Embed Pods Frameworks */,
				47D0A94FC0CE458B4058215E /* [CP] Copy Pods Resources */,
			);
			buildRules = (
			);
			dependencies = (
			);
			name = TimetablePrototype02;
			productName = TimetablePrototype02;
			productReference = E35C6CAB1F799A0000A53590 /* TimetablePrototype02.app */;
			productType = "com.apple.product-type.application";
		};
/* End PBXNativeTarget section */

/* Begin PBXProject section */
		E35C6CA31F799A0000A53590 /* Project object */ = {
			isa = PBXProject;
			attributes = {
				LastSwiftUpdateCheck = 0900;
				LastUpgradeCheck = 0900;
				ORGANIZATIONNAME = "Thomas Houghton";
				TargetAttributes = {
					E35C6CAA1F799A0000A53590 = {
						CreatedOnToolsVersion = 9.0;
						ProvisioningStyle = Automatic;
					};
				};
			};
			buildConfigurationList = E35C6CA61F799A0000A53590 /* Build configuration list for PBXProject "TimetablePrototype02" */;
			compatibilityVersion = "Xcode 8.0";
			developmentRegion = en;
			hasScannedForEncodings = 0;
			knownRegions = (
				en,
				Base,
			);
			mainGroup = E35C6CA21F799A0000A53590;
			productRefGroup = E35C6CAC1F799A0000A53590 /* Products */;
			projectDirPath = "";
			projectRoot = "";
			targets = (
				E35C6CAA1F799A0000A53590 /* TimetablePrototype02 */,
			);
		};
/* End PBXProject section */

/* Begin PBXResourcesBuildPhase section */
		E35C6CA91F799A0000A53590 /* Resources */ = {
			isa = PBXResourcesBuildPhase;
			buildActionMask = 2147483647;
			files = (
				E35C6CBC1F799A0000A53590 /* LaunchScreen.storyboard in Resources */,
				E3E098B91F7CF3BA00C0463C /* GoogleService-Info.plist in Resources */,
				E35C6CB91F799A0000A53590 /* Assets.xcassets in Resources */,
				E35C6CB41F799A0000A53590 /* Main.storyboard in Resources */,
			);
			runOnlyForDeploymentPostprocessing = 0;
		};
/* End PBXResourcesBuildPhase section */

/* Begin PBXShellScriptBuildPhase section */
		47D0A94FC0CE458B4058215E /* [CP] Copy Pods Resources */ = {
			isa = PBXShellScriptBuildPhase;
			buildActionMask = 2147483647;
			files = (
			);
			inputPaths = (
			);
			name = "[CP] Copy Pods Resources";
			outputPaths = (
			);
			runOnlyForDeploymentPostprocessing = 0;
			shellPath = /bin/sh;
			shellScript = "\"${SRCROOT}/Pods/Target Support Files/Pods-TimetablePrototype02/Pods-TimetablePrototype02-resources.sh\"\n";
			showEnvVarsInLog = 0;
		};
		9ACD1E52834B5D4170E2E64C /* [CP] Embed Pods Frameworks */ = {
			isa = PBXShellScriptBuildPhase;
			buildActionMask = 2147483647;
			files = (
			);
			inputPaths = (
			);
			name = "[CP] Embed Pods Frameworks";
			outputPaths = (
			);
			runOnlyForDeploymentPostprocessing = 0;
			shellPath = /bin/sh;
			shellScript = "\"${SRCROOT}/Pods/Target Support Files/Pods-TimetablePrototype02/Pods-TimetablePrototype02-frameworks.sh\"\n";
			showEnvVarsInLog = 0;
		};
		BE5DA3D801353D897EB87A7A /* [CP] Check Pods Manifest.lock */ = {
			isa = PBXShellScriptBuildPhase;
			buildActionMask = 2147483647;
			files = (
			);
			inputPaths = (
			);
			name = "[CP] Check Pods Manifest.lock";
			outputPaths = (
			);
			runOnlyForDeploymentPostprocessing = 0;
			shellPath = /bin/sh;
			shellScript = "diff \"${PODS_PODFILE_DIR_PATH}/Podfile.lock\" \"${PODS_ROOT}/Manifest.lock\" > /dev/null\nif [ $? != 0 ] ; then\n    # print error to STDERR\n    echo \"error: The sandbox is not in sync with the Podfile.lock. Run 'pod install' or update your CocoaPods installation.\" >&2\n    exit 1\nfi\n";
			showEnvVarsInLog = 0;
		};
/* End PBXShellScriptBuildPhase section */

/* Begin PBXSourcesBuildPhase section */
		E35C6CA71F799A0000A53590 /* Sources */ = {
			isa = PBXSourcesBuildPhase;
			buildActionMask = 2147483647;
			files = (
				E35C6CB11F799A0000A53590 /* SignInViewController.swift in Sources */,
				E34633CF1F83EE3E00E2725B /* AddTasksViewController.swift in Sources */,
				E3135C061FA9F561008BBE95 /* LoginSelectViewController.swift in Sources */,
				E35C6CAF1F799A0000A53590 /* AppDelegate.swift in Sources */,
				E323DA9E1F824A4900069DD4 /* timetableSlot.swift in Sources */,
				E34633D11F84059500E2725B /* SubjectViewController.swift in Sources */,
				E37C76891F89036A00FCA85E /* SelectedSettingViewController.swift in Sources */,
				E3FECDB51F817303007C971E /* TimetableViewController.swift in Sources */,
				E37C76871F89034000FCA85E /* SettingsRootViewController.swift in Sources */,
				E35C6CB71F799A0000A53590 /* TimetablePrototype02.xcdatamodeld in Sources */,
				E3C3B2AE1F8F6AF3000F2DBE /* EntireTimetableViewController.swift in Sources */,
			);
			runOnlyForDeploymentPostprocessing = 0;
		};
/* End PBXSourcesBuildPhase section */

/* Begin PBXVariantGroup section */
		E35C6CB21F799A0000A53590 /* Main.storyboard */ = {
			isa = PBXVariantGroup;
			children = (
				E35C6CB31F799A0000A53590 /* Base */,
			);
			name = Main.storyboard;
			sourceTree = "<group>";
		};
		E35C6CBA1F799A0000A53590 /* LaunchScreen.storyboard */ = {
			isa = PBXVariantGroup;
			children = (
				E35C6CBB1F799A0000A53590 /* Base */,
			);
			name = LaunchScreen.storyboard;
			sourceTree = "<group>";
		};
/* End PBXVariantGroup section */

/* Begin XCBuildConfiguration section */
		E35C6CBE1F799A0000A53590 /* Debug */ = {
			isa = XCBuildConfiguration;
			buildSettings = {
				ALWAYS_SEARCH_USER_PATHS = NO;
				CLANG_ANALYZER_NONNULL = YES;
				CLANG_ANALYZER_NUMBER_OBJECT_CONVERSION = YES_AGGRESSIVE;
				CLANG_CXX_LANGUAGE_STANDARD = "gnu++14";
				CLANG_CXX_LIBRARY = "libc++";
				CLANG_ENABLE_MODULES = YES;
				CLANG_ENABLE_OBJC_ARC = YES;
				CLANG_WARN_BLOCK_CAPTURE_AUTORELEASING = YES;
				CLANG_WARN_BOOL_CONVERSION = YES;
				CLANG_WARN_COMMA = YES;
				CLANG_WARN_CONSTANT_CONVERSION = YES;
				CLANG_WARN_DIRECT_OBJC_ISA_USAGE = YES_ERROR;
				CLANG_WARN_DOCUMENTATION_COMMENTS = YES;
				CLANG_WARN_EMPTY_BODY = YES;
				CLANG_WARN_ENUM_CONVERSION = YES;
				CLANG_WARN_INFINITE_RECURSION = YES;
				CLANG_WARN_INT_CONVERSION = YES;
				CLANG_WARN_NON_LITERAL_NULL_CONVERSION = YES;
				CLANG_WARN_OBJC_LITERAL_CONVERSION = YES;
				CLANG_WARN_OBJC_ROOT_CLASS = YES_ERROR;
				CLANG_WARN_RANGE_LOOP_ANALYSIS = YES;
				CLANG_WARN_STRICT_PROTOTYPES = YES;
				CLANG_WARN_SUSPICIOUS_MOVE = YES;
				CLANG_WARN_UNGUARDED_AVAILABILITY = YES_AGGRESSIVE;
				CLANG_WARN_UNREACHABLE_CODE = YES;
				CLANG_WARN__DUPLICATE_METHOD_MATCH = YES;
				CODE_SIGN_IDENTITY = "iPhone Developer";
				COPY_PHASE_STRIP = NO;
				DEBUG_INFORMATION_FORMAT = dwarf;
				ENABLE_STRICT_OBJC_MSGSEND = YES;
				ENABLE_TESTABILITY = YES;
				GCC_C_LANGUAGE_STANDARD = gnu11;
				GCC_DYNAMIC_NO_PIC = NO;
				GCC_NO_COMMON_BLOCKS = YES;
				GCC_OPTIMIZATION_LEVEL = 0;
				GCC_PREPROCESSOR_DEFINITIONS = (
					"DEBUG=1",
					"$(inherited)",
				);
				GCC_WARN_64_TO_32_BIT_CONVERSION = YES;
				GCC_WARN_ABOUT_RETURN_TYPE = YES_ERROR;
				GCC_WARN_UNDECLARED_SELECTOR = YES;
				GCC_WARN_UNINITIALIZED_AUTOS = YES_AGGRESSIVE;
				GCC_WARN_UNUSED_FUNCTION = YES;
				GCC_WARN_UNUSED_VARIABLE = YES;
				IPHONEOS_DEPLOYMENT_TARGET = 11.0;
				MTL_ENABLE_DEBUG_INFO = YES;
				ONLY_ACTIVE_ARCH = YES;
				SDKROOT = iphoneos;
				SWIFT_ACTIVE_COMPILATION_CONDITIONS = DEBUG;
				SWIFT_OPTIMIZATION_LEVEL = "-Onone";
			};
			name = Debug;
		};
		E35C6CBF1F799A0000A53590 /* Release */ = {
			isa = XCBuildConfiguration;
			buildSettings = {
				ALWAYS_SEARCH_USER_PATHS = NO;
				CLANG_ANALYZER_NONNULL = YES;
				CLANG_ANALYZER_NUMBER_OBJECT_CONVERSION = YES_AGGRESSIVE;
				CLANG_CXX_LANGUAGE_STANDARD = "gnu++14";
				CLANG_CXX_LIBRARY = "libc++";
				CLANG_ENABLE_MODULES = YES;
				CLANG_ENABLE_OBJC_ARC = YES;
				CLANG_WARN_BLOCK_CAPTURE_AUTORELEASING = YES;
				CLANG_WARN_BOOL_CONVERSION = YES;
				CLANG_WARN_COMMA = YES;
				CLANG_WARN_CONSTANT_CONVERSION = YES;
				CLANG_WARN_DIRECT_OBJC_ISA_USAGE = YES_ERROR;
				CLANG_WARN_DOCUMENTATION_COMMENTS = YES;
				CLANG_WARN_EMPTY_BODY = YES;
				CLANG_WARN_ENUM_CONVERSION = YES;
				CLANG_WARN_INFINITE_RECURSION = YES;
				CLANG_WARN_INT_CONVERSION = YES;
				CLANG_WARN_NON_LITERAL_NULL_CONVERSION = YES;
				CLANG_WARN_OBJC_LITERAL_CONVERSION = YES;
				CLANG_WARN_OBJC_ROOT_CLASS = YES_ERROR;
				CLANG_WARN_RANGE_LOOP_ANALYSIS = YES;
				CLANG_WARN_STRICT_PROTOTYPES = YES;
				CLANG_WARN_SUSPICIOUS_MOVE = YES;
				CLANG_WARN_UNGUARDED_AVAILABILITY = YES_AGGRESSIVE;
				CLANG_WARN_UNREACHABLE_CODE = YES;
				CLANG_WARN__DUPLICATE_METHOD_MATCH = YES;
				CODE_SIGN_IDENTITY = "iPhone Developer";
				COPY_PHASE_STRIP = NO;
				DEBUG_INFORMATION_FORMAT = "dwarf-with-dsym";
				ENABLE_NS_ASSERTIONS = NO;
				ENABLE_STRICT_OBJC_MSGSEND = YES;
				GCC_C_LANGUAGE_STANDARD = gnu11;
				GCC_NO_COMMON_BLOCKS = YES;
				GCC_WARN_64_TO_32_BIT_CONVERSION = YES;
				GCC_WARN_ABOUT_RETURN_TYPE = YES_ERROR;
				GCC_WARN_UNDECLARED_SELECTOR = YES;
				GCC_WARN_UNINITIALIZED_AUTOS = YES_AGGRESSIVE;
				GCC_WARN_UNUSED_FUNCTION = YES;
				GCC_WARN_UNUSED_VARIABLE = YES;
				IPHONEOS_DEPLOYMENT_TARGET = 11.0;
				MTL_ENABLE_DEBUG_INFO = NO;
				SDKROOT = iphoneos;
				SWIFT_OPTIMIZATION_LEVEL = "-Owholemodule";
				VALIDATE_PRODUCT = YES;
			};
			name = Release;
		};
		E35C6CC11F799A0000A53590 /* Debug */ = {
			isa = XCBuildConfiguration;
			baseConfigurationReference = 254C053BFAF77DA4BFBDC8A6 /* Pods-TimetablePrototype02.debug.xcconfig */;
			buildSettings = {
				ASSETCATALOG_COMPILER_APPICON_NAME = AppIcon;
				CODE_SIGN_STYLE = Automatic;
				DEVELOPMENT_TEAM = V93YKG2RBT;
				INFOPLIST_FILE = TimetablePrototype02/Info.plist;
				LD_RUNPATH_SEARCH_PATHS = "$(inherited) @executable_path/Frameworks";
				PRODUCT_BUNDLE_IDENTIFIER = tom.TimetablePrototype02;
				PRODUCT_NAME = "$(TARGET_NAME)";
				SWIFT_VERSION = 4.0;
				TARGETED_DEVICE_FAMILY = "1,2";
			};
			name = Debug;
		};
		E35C6CC21F799A0000A53590 /* Release */ = {
			isa = XCBuildConfiguration;
			baseConfigurationReference = 98E7F00A2301216B4E3060F4 /* Pods-TimetablePrototype02.release.xcconfig */;
			buildSettings = {
				ASSETCATALOG_COMPILER_APPICON_NAME = AppIcon;
				CODE_SIGN_STYLE = Automatic;
				DEVELOPMENT_TEAM = V93YKG2RBT;
				INFOPLIST_FILE = TimetablePrototype02/Info.plist;
				LD_RUNPATH_SEARCH_PATHS = "$(inherited) @executable_path/Frameworks";
				PRODUCT_BUNDLE_IDENTIFIER = tom.TimetablePrototype02;
				PRODUCT_NAME = "$(TARGET_NAME)";
				SWIFT_VERSION = 4.0;
				TARGETED_DEVICE_FAMILY = "1,2";
			};
			name = Release;
		};
/* End XCBuildConfiguration section */

/* Begin XCConfigurationList section */
		E35C6CA61F799A0000A53590 /* Build configuration list for PBXProject "TimetablePrototype02" */ = {
			isa = XCConfigurationList;
			buildConfigurations = (
				E35C6CBE1F799A0000A53590 /* Debug */,
				E35C6CBF1F799A0000A53590 /* Release */,
			);
			defaultConfigurationIsVisible = 0;
			defaultConfigurationName = Release;
		};
		E35C6CC01F799A0000A53590 /* Build configuration list for PBXNativeTarget "TimetablePrototype02" */ = {
			isa = XCConfigurationList;
			buildConfigurations = (
				E35C6CC11F799A0000A53590 /* Debug */,
				E35C6CC21F799A0000A53590 /* Release */,
			);
			defaultConfigurationIsVisible = 0;
			defaultConfigurationName = Release;
		};
/* End XCConfigurationList section */

/* Begin XCVersionGroup section */
		E35C6CB51F799A0000A53590 /* TimetablePrototype02.xcdatamodeld */ = {
			isa = XCVersionGroup;
			children = (
				E35C6CB61F799A0000A53590 /* TimetablePrototype02.xcdatamodel */,
			);
			currentVersion = E35C6CB61F799A0000A53590 /* TimetablePrototype02.xcdatamodel */;
			path = TimetablePrototype02.xcdatamodeld;
			sourceTree = "<group>";
			versionGroupType = wrapper.xcdatamodel;
		};
/* End XCVersionGroup section */
	};
	rootObject = E35C6CA31F799A0000A53590 /* Project object */;
}
